
Microsoft Visual Studio Solution File, Format Version 12.00
# Visual Studio Version 17
VisualStudioVersion = 17.4.33403.182
MinimumVisualStudioVersion = 10.0.40219.1
Project("{FAE04EC0-301F-11D3-BF4B-00C04F79EFBC}") = "Adress Book System", "Adress Book System\Adress Book System.csproj", "{CDF9A550-3020-4840-8C97-8337279EFD83}"
EndProject
Global
	GlobalSection(SolutionConfigurationPlatforms) = preSolution
		Debug|Any CPU = Debug|Any CPU
		Release|Any CPU = Release|Any CPU
	EndGlobalSection
	GlobalSection(ProjectConfigurationPlatforms) = postSolution
		{CDF9A550-3020-4840-8C97-8337279EFD83}.Debug|Any CPU.ActiveCfg = Debug|Any CPU
		{CDF9A550-3020-4840-8C97-8337279EFD83}.Debug|Any CPU.Build.0 = Debug|Any CPU
		{CDF9A550-3020-4840-8C97-8337279EFD83}.Release|Any CPU.ActiveCfg = Release|Any CPU
		{CDF9A550-3020-4840-8C97-8337279EFD83}.Release|Any CPU.Build.0 = Release|Any CPU
	EndGlobalSection
	GlobalSection(SolutionProperties) = preSolution
		HideSolutionNode = FALSE
	EndGlobalSection
	GlobalSection(ExtensibilityGlobals) = postSolution
		SolutionGuid = {177DE6BA-6CC1-4C15-8077-3ABEF6AB0B6E}
	EndGlobalSection
EndGlobal
